
Microsoft Visual Studio Solution File, Format Version 12.00
# Visual Studio Version 16
VisualStudioVersion = 16.0.30523.141
MinimumVisualStudioVersion = 10.0.40219.1
Project("{FAE04EC0-301F-11D3-BF4B-00C04F79EFBC}") = "ej3.3.1.1", "ej3.3.1.1.csproj", "{5932D9C3-AC50-46F2-8728-BB06932A063E}"
EndProject
Global
	GlobalSection(SolutionConfigurationPlatforms) = preSolution
		Debug|Any CPU = Debug|Any CPU
		Release|Any CPU = Release|Any CPU
	EndGlobalSection
	GlobalSection(ProjectConfigurationPlatforms) = postSolution
		{5932D9C3-AC50-46F2-8728-BB06932A063E}.Debug|Any CPU.ActiveCfg = Debug|Any CPU
		{5932D9C3-AC50-46F2-8728-BB06932A063E}.Debug|Any CPU.Build.0 = Debug|Any CPU
		{5932D9C3-AC50-46F2-8728-BB06932A063E}.Release|Any CPU.ActiveCfg = Release|Any CPU
		{5932D9C3-AC50-46F2-8728-BB06932A063E}.Release|Any CPU.Build.0 = Release|Any CPU
	EndGlobalSection
	GlobalSection(SolutionProperties) = preSolution
		HideSolutionNode = FALSE
	EndGlobalSection
	GlobalSection(ExtensibilityGlobals) = postSolution
		SolutionGuid = {D8057C10-4807-46C2-B41A-2AE687D06BE3}
	EndGlobalSection
EndGlobal
