
Microsoft Visual Studio Solution File, Format Version 12.00
# Visual Studio Version 16
VisualStudioVersion = 16.0.30611.23
MinimumVisualStudioVersion = 10.0.40219.1
Project("{FAE04EC0-301F-11D3-BF4B-00C04F79EFBC}") = "ej.4.1.3.11", "ej.4.1.3.11.csproj", "{14B13655-DBAE-4428-BA7E-43C2E92DBA72}"
EndProject
Global
	GlobalSection(SolutionConfigurationPlatforms) = preSolution
		Debug|Any CPU = Debug|Any CPU
		Release|Any CPU = Release|Any CPU
	EndGlobalSection
	GlobalSection(ProjectConfigurationPlatforms) = postSolution
		{14B13655-DBAE-4428-BA7E-43C2E92DBA72}.Debug|Any CPU.ActiveCfg = Debug|Any CPU
		{14B13655-DBAE-4428-BA7E-43C2E92DBA72}.Debug|Any CPU.Build.0 = Debug|Any CPU
		{14B13655-DBAE-4428-BA7E-43C2E92DBA72}.Release|Any CPU.ActiveCfg = Release|Any CPU
		{14B13655-DBAE-4428-BA7E-43C2E92DBA72}.Release|Any CPU.Build.0 = Release|Any CPU
	EndGlobalSection
	GlobalSection(SolutionProperties) = preSolution
		HideSolutionNode = FALSE
	EndGlobalSection
	GlobalSection(ExtensibilityGlobals) = postSolution
		SolutionGuid = {36687CEF-077E-47DA-8DA1-46A7AE46F3D9}
	EndGlobalSection
EndGlobal
