
Microsoft Visual Studio Solution File, Format Version 12.00
# Visual Studio Version 16
VisualStudioVersion = 16.0.30611.23
MinimumVisualStudioVersion = 10.0.40219.1
Project("{FAE04EC0-301F-11D3-BF4B-00C04F79EFBC}") = "ejemplosCadenas", "ejemplosCadenas.csproj", "{B7376C25-EBD0-4B6B-9B72-7373A3BCEA5A}"
EndProject
Global
	GlobalSection(SolutionConfigurationPlatforms) = preSolution
		Debug|Any CPU = Debug|Any CPU
		Release|Any CPU = Release|Any CPU
	EndGlobalSection
	GlobalSection(ProjectConfigurationPlatforms) = postSolution
		{B7376C25-EBD0-4B6B-9B72-7373A3BCEA5A}.Debug|Any CPU.ActiveCfg = Debug|Any CPU
		{B7376C25-EBD0-4B6B-9B72-7373A3BCEA5A}.Debug|Any CPU.Build.0 = Debug|Any CPU
		{B7376C25-EBD0-4B6B-9B72-7373A3BCEA5A}.Release|Any CPU.ActiveCfg = Release|Any CPU
		{B7376C25-EBD0-4B6B-9B72-7373A3BCEA5A}.Release|Any CPU.Build.0 = Release|Any CPU
	EndGlobalSection
	GlobalSection(SolutionProperties) = preSolution
		HideSolutionNode = FALSE
	EndGlobalSection
	GlobalSection(ExtensibilityGlobals) = postSolution
		SolutionGuid = {AEADE6B1-708D-4683-8B5B-0AEF36756443}
	EndGlobalSection
EndGlobal
