
Microsoft Visual Studio Solution File, Format Version 12.00
# Visual Studio Version 16
VisualStudioVersion = 16.0.30523.141
MinimumVisualStudioVersion = 10.0.40219.1
Project("{FAE04EC0-301F-11D3-BF4B-00C04F79EFBC}") = "ej2.6.8", "ej2.6.8.csproj", "{CC80E5C2-9799-46BB-9406-2A75B66455BD}"
EndProject
Global
	GlobalSection(SolutionConfigurationPlatforms) = preSolution
		Debug|Any CPU = Debug|Any CPU
		Release|Any CPU = Release|Any CPU
	EndGlobalSection
	GlobalSection(ProjectConfigurationPlatforms) = postSolution
		{CC80E5C2-9799-46BB-9406-2A75B66455BD}.Debug|Any CPU.ActiveCfg = Debug|Any CPU
		{CC80E5C2-9799-46BB-9406-2A75B66455BD}.Debug|Any CPU.Build.0 = Debug|Any CPU
		{CC80E5C2-9799-46BB-9406-2A75B66455BD}.Release|Any CPU.ActiveCfg = Release|Any CPU
		{CC80E5C2-9799-46BB-9406-2A75B66455BD}.Release|Any CPU.Build.0 = Release|Any CPU
	EndGlobalSection
	GlobalSection(SolutionProperties) = preSolution
		HideSolutionNode = FALSE
	EndGlobalSection
	GlobalSection(ExtensibilityGlobals) = postSolution
		SolutionGuid = {24426BC6-65DF-4EF3-909A-20346C909124}
	EndGlobalSection
EndGlobal
