
Microsoft Visual Studio Solution File, Format Version 12.00
# Visual Studio Version 16
VisualStudioVersion = 16.0.30523.141
MinimumVisualStudioVersion = 10.0.40219.1
Project("{FAE04EC0-301F-11D3-BF4B-00C04F79EFBC}") = "ej2.6.4", "ej2.6.4.csproj", "{CF2A8167-7C16-4274-A619-7887E92BD3FC}"
EndProject
Global
	GlobalSection(SolutionConfigurationPlatforms) = preSolution
		Debug|Any CPU = Debug|Any CPU
		Release|Any CPU = Release|Any CPU
	EndGlobalSection
	GlobalSection(ProjectConfigurationPlatforms) = postSolution
		{CF2A8167-7C16-4274-A619-7887E92BD3FC}.Debug|Any CPU.ActiveCfg = Debug|Any CPU
		{CF2A8167-7C16-4274-A619-7887E92BD3FC}.Debug|Any CPU.Build.0 = Debug|Any CPU
		{CF2A8167-7C16-4274-A619-7887E92BD3FC}.Release|Any CPU.ActiveCfg = Release|Any CPU
		{CF2A8167-7C16-4274-A619-7887E92BD3FC}.Release|Any CPU.Build.0 = Release|Any CPU
	EndGlobalSection
	GlobalSection(SolutionProperties) = preSolution
		HideSolutionNode = FALSE
	EndGlobalSection
	GlobalSection(ExtensibilityGlobals) = postSolution
		SolutionGuid = {7C223DAF-73F4-4D6E-8B83-5298CFFE36A1}
	EndGlobalSection
EndGlobal
