
Microsoft Visual Studio Solution File, Format Version 12.00
# Visual Studio Version 16
VisualStudioVersion = 16.0.30717.126
MinimumVisualStudioVersion = 10.0.40219.1
Project("{FAE04EC0-301F-11D3-BF4B-00C04F79EFBC}") = "ejemplos2_18_02", "ejemplos2_18_02.csproj", "{DD12C643-A8C4-4F3A-B6B5-69BF213D1DA2}"
EndProject
Global
	GlobalSection(SolutionConfigurationPlatforms) = preSolution
		Debug|Any CPU = Debug|Any CPU
		Release|Any CPU = Release|Any CPU
	EndGlobalSection
	GlobalSection(ProjectConfigurationPlatforms) = postSolution
		{DD12C643-A8C4-4F3A-B6B5-69BF213D1DA2}.Debug|Any CPU.ActiveCfg = Debug|Any CPU
		{DD12C643-A8C4-4F3A-B6B5-69BF213D1DA2}.Debug|Any CPU.Build.0 = Debug|Any CPU
		{DD12C643-A8C4-4F3A-B6B5-69BF213D1DA2}.Release|Any CPU.ActiveCfg = Release|Any CPU
		{DD12C643-A8C4-4F3A-B6B5-69BF213D1DA2}.Release|Any CPU.Build.0 = Release|Any CPU
	EndGlobalSection
	GlobalSection(SolutionProperties) = preSolution
		HideSolutionNode = FALSE
	EndGlobalSection
	GlobalSection(ExtensibilityGlobals) = postSolution
		SolutionGuid = {DD08235C-BDF2-454C-8A5E-02FF0BC57414}
	EndGlobalSection
EndGlobal
