
Microsoft Visual Studio Solution File, Format Version 12.00
# Visual Studio Version 16
VisualStudioVersion = 16.0.30523.141
MinimumVisualStudioVersion = 10.0.40219.1
Project("{FAE04EC0-301F-11D3-BF4B-00C04F79EFBC}") = "ej3.2.6.4", "ej3.2.6.4.csproj", "{7C84936B-92F3-4118-8984-49C59A1503A1}"
EndProject
Global
	GlobalSection(SolutionConfigurationPlatforms) = preSolution
		Debug|Any CPU = Debug|Any CPU
		Release|Any CPU = Release|Any CPU
	EndGlobalSection
	GlobalSection(ProjectConfigurationPlatforms) = postSolution
		{7C84936B-92F3-4118-8984-49C59A1503A1}.Debug|Any CPU.ActiveCfg = Debug|Any CPU
		{7C84936B-92F3-4118-8984-49C59A1503A1}.Debug|Any CPU.Build.0 = Debug|Any CPU
		{7C84936B-92F3-4118-8984-49C59A1503A1}.Release|Any CPU.ActiveCfg = Release|Any CPU
		{7C84936B-92F3-4118-8984-49C59A1503A1}.Release|Any CPU.Build.0 = Release|Any CPU
	EndGlobalSection
	GlobalSection(SolutionProperties) = preSolution
		HideSolutionNode = FALSE
	EndGlobalSection
	GlobalSection(ExtensibilityGlobals) = postSolution
		SolutionGuid = {E4608B3A-8739-476B-92E9-A8F4CB1247A6}
	EndGlobalSection
EndGlobal
