
Microsoft Visual Studio Solution File, Format Version 12.00
# Visual Studio Version 16
VisualStudioVersion = 16.0.30611.23
MinimumVisualStudioVersion = 10.0.40219.1
Project("{FAE04EC0-301F-11D3-BF4B-00C04F79EFBC}") = "ejemploExpresionesRegulares", "ejemploExpresionesRegulares.csproj", "{5FB1E097-807B-42B3-9AE3-F1233646B57E}"
EndProject
Global
	GlobalSection(SolutionConfigurationPlatforms) = preSolution
		Debug|Any CPU = Debug|Any CPU
		Release|Any CPU = Release|Any CPU
	EndGlobalSection
	GlobalSection(ProjectConfigurationPlatforms) = postSolution
		{5FB1E097-807B-42B3-9AE3-F1233646B57E}.Debug|Any CPU.ActiveCfg = Debug|Any CPU
		{5FB1E097-807B-42B3-9AE3-F1233646B57E}.Debug|Any CPU.Build.0 = Debug|Any CPU
		{5FB1E097-807B-42B3-9AE3-F1233646B57E}.Release|Any CPU.ActiveCfg = Release|Any CPU
		{5FB1E097-807B-42B3-9AE3-F1233646B57E}.Release|Any CPU.Build.0 = Release|Any CPU
	EndGlobalSection
	GlobalSection(SolutionProperties) = preSolution
		HideSolutionNode = FALSE
	EndGlobalSection
	GlobalSection(ExtensibilityGlobals) = postSolution
		SolutionGuid = {31B4A3F7-91D1-431B-BAC9-ACCE36BCB20A}
	EndGlobalSection
EndGlobal
