
Microsoft Visual Studio Solution File, Format Version 12.00
# Visual Studio Version 16
VisualStudioVersion = 16.0.30523.141
MinimumVisualStudioVersion = 10.0.40219.1
Project("{FAE04EC0-301F-11D3-BF4B-00C04F79EFBC}") = "ej3.1.4.2", "ej3.1.4.2.csproj", "{0B3311D6-91FC-431D-8041-7EB6526CC7EA}"
EndProject
Global
	GlobalSection(SolutionConfigurationPlatforms) = preSolution
		Debug|Any CPU = Debug|Any CPU
		Release|Any CPU = Release|Any CPU
	EndGlobalSection
	GlobalSection(ProjectConfigurationPlatforms) = postSolution
		{0B3311D6-91FC-431D-8041-7EB6526CC7EA}.Debug|Any CPU.ActiveCfg = Debug|Any CPU
		{0B3311D6-91FC-431D-8041-7EB6526CC7EA}.Debug|Any CPU.Build.0 = Debug|Any CPU
		{0B3311D6-91FC-431D-8041-7EB6526CC7EA}.Release|Any CPU.ActiveCfg = Release|Any CPU
		{0B3311D6-91FC-431D-8041-7EB6526CC7EA}.Release|Any CPU.Build.0 = Release|Any CPU
	EndGlobalSection
	GlobalSection(SolutionProperties) = preSolution
		HideSolutionNode = FALSE
	EndGlobalSection
	GlobalSection(ExtensibilityGlobals) = postSolution
		SolutionGuid = {DD89951C-8A89-480D-9654-4F08A4F2271F}
	EndGlobalSection
EndGlobal
