
Microsoft Visual Studio Solution File, Format Version 12.00
# Visual Studio Version 16
VisualStudioVersion = 16.0.30717.126
MinimumVisualStudioVersion = 10.0.40219.1
Project("{FAE04EC0-301F-11D3-BF4B-00C04F79EFBC}") = "ej5.5.1", "ej5.5.1.csproj", "{CF72B650-C6B0-49A9-8B21-BC8F8D67616B}"
EndProject
Global
	GlobalSection(SolutionConfigurationPlatforms) = preSolution
		Debug|Any CPU = Debug|Any CPU
		Release|Any CPU = Release|Any CPU
	EndGlobalSection
	GlobalSection(ProjectConfigurationPlatforms) = postSolution
		{CF72B650-C6B0-49A9-8B21-BC8F8D67616B}.Debug|Any CPU.ActiveCfg = Debug|Any CPU
		{CF72B650-C6B0-49A9-8B21-BC8F8D67616B}.Debug|Any CPU.Build.0 = Debug|Any CPU
		{CF72B650-C6B0-49A9-8B21-BC8F8D67616B}.Release|Any CPU.ActiveCfg = Release|Any CPU
		{CF72B650-C6B0-49A9-8B21-BC8F8D67616B}.Release|Any CPU.Build.0 = Release|Any CPU
	EndGlobalSection
	GlobalSection(SolutionProperties) = preSolution
		HideSolutionNode = FALSE
	EndGlobalSection
	GlobalSection(ExtensibilityGlobals) = postSolution
		SolutionGuid = {8B62FC47-2C86-464C-A7F8-767B3B40824F}
	EndGlobalSection
EndGlobal
