
Microsoft Visual Studio Solution File, Format Version 12.00
# Visual Studio Version 16
VisualStudioVersion = 16.0.30717.126
MinimumVisualStudioVersion = 10.0.40219.1
Project("{FAE04EC0-301F-11D3-BF4B-00C04F79EFBC}") = "practica4", "practica4.csproj", "{A2B3D9A4-A188-405C-A62B-03166E58204A}"
EndProject
Global
	GlobalSection(SolutionConfigurationPlatforms) = preSolution
		Debug|Any CPU = Debug|Any CPU
		Release|Any CPU = Release|Any CPU
	EndGlobalSection
	GlobalSection(ProjectConfigurationPlatforms) = postSolution
		{A2B3D9A4-A188-405C-A62B-03166E58204A}.Debug|Any CPU.ActiveCfg = Debug|Any CPU
		{A2B3D9A4-A188-405C-A62B-03166E58204A}.Debug|Any CPU.Build.0 = Debug|Any CPU
		{A2B3D9A4-A188-405C-A62B-03166E58204A}.Release|Any CPU.ActiveCfg = Release|Any CPU
		{A2B3D9A4-A188-405C-A62B-03166E58204A}.Release|Any CPU.Build.0 = Release|Any CPU
	EndGlobalSection
	GlobalSection(SolutionProperties) = preSolution
		HideSolutionNode = FALSE
	EndGlobalSection
	GlobalSection(ExtensibilityGlobals) = postSolution
		SolutionGuid = {C6616CB4-E0CF-4E9B-BA25-6AB47F8928E0}
	EndGlobalSection
EndGlobal
