
Microsoft Visual Studio Solution File, Format Version 12.00
# Visual Studio Version 16
VisualStudioVersion = 16.0.30717.126
MinimumVisualStudioVersion = 10.0.40219.1
Project("{FAE04EC0-301F-11D3-BF4B-00C04F79EFBC}") = "crud", "crud.csproj", "{A737F72A-3BAE-455E-BBB0-24FFD8588C03}"
EndProject
Global
	GlobalSection(SolutionConfigurationPlatforms) = preSolution
		Debug|Any CPU = Debug|Any CPU
		Release|Any CPU = Release|Any CPU
	EndGlobalSection
	GlobalSection(ProjectConfigurationPlatforms) = postSolution
		{A737F72A-3BAE-455E-BBB0-24FFD8588C03}.Debug|Any CPU.ActiveCfg = Debug|Any CPU
		{A737F72A-3BAE-455E-BBB0-24FFD8588C03}.Debug|Any CPU.Build.0 = Debug|Any CPU
		{A737F72A-3BAE-455E-BBB0-24FFD8588C03}.Release|Any CPU.ActiveCfg = Release|Any CPU
		{A737F72A-3BAE-455E-BBB0-24FFD8588C03}.Release|Any CPU.Build.0 = Release|Any CPU
	EndGlobalSection
	GlobalSection(SolutionProperties) = preSolution
		HideSolutionNode = FALSE
	EndGlobalSection
	GlobalSection(ExtensibilityGlobals) = postSolution
		SolutionGuid = {227785CE-EF2B-4BC0-9B81-FE716F90C532}
	EndGlobalSection
EndGlobal
