
Microsoft Visual Studio Solution File, Format Version 12.00
# Visual Studio Version 16
VisualStudioVersion = 16.0.30611.23
MinimumVisualStudioVersion = 10.0.40219.1
Project("{FAE04EC0-301F-11D3-BF4B-00C04F79EFBC}") = "ej4.1.3.10", "ej4.1.3.10.csproj", "{5205D6F1-F513-414E-8BDD-526EA78C8717}"
EndProject
Global
	GlobalSection(SolutionConfigurationPlatforms) = preSolution
		Debug|Any CPU = Debug|Any CPU
		Release|Any CPU = Release|Any CPU
	EndGlobalSection
	GlobalSection(ProjectConfigurationPlatforms) = postSolution
		{5205D6F1-F513-414E-8BDD-526EA78C8717}.Debug|Any CPU.ActiveCfg = Debug|Any CPU
		{5205D6F1-F513-414E-8BDD-526EA78C8717}.Debug|Any CPU.Build.0 = Debug|Any CPU
		{5205D6F1-F513-414E-8BDD-526EA78C8717}.Release|Any CPU.ActiveCfg = Release|Any CPU
		{5205D6F1-F513-414E-8BDD-526EA78C8717}.Release|Any CPU.Build.0 = Release|Any CPU
	EndGlobalSection
	GlobalSection(SolutionProperties) = preSolution
		HideSolutionNode = FALSE
	EndGlobalSection
	GlobalSection(ExtensibilityGlobals) = postSolution
		SolutionGuid = {A003E205-C29F-4377-B14D-49803361F324}
	EndGlobalSection
EndGlobal
