
Microsoft Visual Studio Solution File, Format Version 12.00
# Visual Studio Version 16
VisualStudioVersion = 16.0.30717.126
MinimumVisualStudioVersion = 10.0.40219.1
Project("{FAE04EC0-301F-11D3-BF4B-00C04F79EFBC}") = "ej6.6.1", "ej6.6.1.csproj", "{30CD7A6B-D002-4DD8-94ED-97BA4BF7B676}"
EndProject
Global
	GlobalSection(SolutionConfigurationPlatforms) = preSolution
		Debug|Any CPU = Debug|Any CPU
		Release|Any CPU = Release|Any CPU
	EndGlobalSection
	GlobalSection(ProjectConfigurationPlatforms) = postSolution
		{30CD7A6B-D002-4DD8-94ED-97BA4BF7B676}.Debug|Any CPU.ActiveCfg = Debug|Any CPU
		{30CD7A6B-D002-4DD8-94ED-97BA4BF7B676}.Debug|Any CPU.Build.0 = Debug|Any CPU
		{30CD7A6B-D002-4DD8-94ED-97BA4BF7B676}.Release|Any CPU.ActiveCfg = Release|Any CPU
		{30CD7A6B-D002-4DD8-94ED-97BA4BF7B676}.Release|Any CPU.Build.0 = Release|Any CPU
	EndGlobalSection
	GlobalSection(SolutionProperties) = preSolution
		HideSolutionNode = FALSE
	EndGlobalSection
	GlobalSection(ExtensibilityGlobals) = postSolution
		SolutionGuid = {86081775-F814-41F8-9AC4-674202471A4E}
	EndGlobalSection
EndGlobal
