
Microsoft Visual Studio Solution File, Format Version 12.00
# Visual Studio Version 16
VisualStudioVersion = 16.0.30611.23
MinimumVisualStudioVersion = 10.0.40219.1
Project("{FAE04EC0-301F-11D3-BF4B-00C04F79EFBC}") = "ej4.2.1", "ej4.2.1.csproj", "{D53946A8-A3F3-4E50-AA55-18705F18021D}"
EndProject
Global
	GlobalSection(SolutionConfigurationPlatforms) = preSolution
		Debug|Any CPU = Debug|Any CPU
		Release|Any CPU = Release|Any CPU
	EndGlobalSection
	GlobalSection(ProjectConfigurationPlatforms) = postSolution
		{D53946A8-A3F3-4E50-AA55-18705F18021D}.Debug|Any CPU.ActiveCfg = Debug|Any CPU
		{D53946A8-A3F3-4E50-AA55-18705F18021D}.Debug|Any CPU.Build.0 = Debug|Any CPU
		{D53946A8-A3F3-4E50-AA55-18705F18021D}.Release|Any CPU.ActiveCfg = Release|Any CPU
		{D53946A8-A3F3-4E50-AA55-18705F18021D}.Release|Any CPU.Build.0 = Release|Any CPU
	EndGlobalSection
	GlobalSection(SolutionProperties) = preSolution
		HideSolutionNode = FALSE
	EndGlobalSection
	GlobalSection(ExtensibilityGlobals) = postSolution
		SolutionGuid = {374DE522-6405-423F-9548-7A0CEDDB3EF0}
	EndGlobalSection
EndGlobal
