
Microsoft Visual Studio Solution File, Format Version 12.00
# Visual Studio Version 16
VisualStudioVersion = 16.0.30523.141
MinimumVisualStudioVersion = 10.0.40219.1
Project("{FAE04EC0-301F-11D3-BF4B-00C04F79EFBC}") = "ej2.7.1", "ej2.7.1.csproj", "{B3D3AB85-CBE4-4E15-AAA8-04B49BF23B84}"
EndProject
Global
	GlobalSection(SolutionConfigurationPlatforms) = preSolution
		Debug|Any CPU = Debug|Any CPU
		Release|Any CPU = Release|Any CPU
	EndGlobalSection
	GlobalSection(ProjectConfigurationPlatforms) = postSolution
		{B3D3AB85-CBE4-4E15-AAA8-04B49BF23B84}.Debug|Any CPU.ActiveCfg = Debug|Any CPU
		{B3D3AB85-CBE4-4E15-AAA8-04B49BF23B84}.Debug|Any CPU.Build.0 = Debug|Any CPU
		{B3D3AB85-CBE4-4E15-AAA8-04B49BF23B84}.Release|Any CPU.ActiveCfg = Release|Any CPU
		{B3D3AB85-CBE4-4E15-AAA8-04B49BF23B84}.Release|Any CPU.Build.0 = Release|Any CPU
	EndGlobalSection
	GlobalSection(SolutionProperties) = preSolution
		HideSolutionNode = FALSE
	EndGlobalSection
	GlobalSection(ExtensibilityGlobals) = postSolution
		SolutionGuid = {9450E1DC-EBE6-48EE-BD18-5D045D246D50}
	EndGlobalSection
EndGlobal
